
Microsoft Visual Studio Solution File, Format Version 12.00
# Visual Studio 2013
VisualStudioVersion = 12.0.31101.0
MinimumVisualStudioVersion = 10.0.40219.1
Project("{FAE04EC0-301F-11D3-BF4B-00C04F79EFBC}") = "CaptureTheFlag", "CaptureTheFlag\CaptureTheFlag.csproj", "{E41C8363-D955-46D2-8E68-88E39B1C0917}"
EndProject
Project("{FAE04EC0-301F-11D3-BF4B-00C04F79EFBC}") = "Engine.Content", "Engine.Content\Engine.Content.csproj", "{8BBD8AD5-960E-436F-AC1C-AEFB891A0D0E}"
EndProject
Project("{FAE04EC0-301F-11D3-BF4B-00C04F79EFBC}") = "Engine.GameStateManagement", "Engine.GameStateManagement\Engine.GameStateManagement.csproj", "{D0B538EC-EF51-4B21-82F6-491454653FE8}"
EndProject
Project("{FAE04EC0-301F-11D3-BF4B-00C04F79EFBC}") = "Engine.UI.Buttons", "Engine.UI.Buttons\Engine.UI.Buttons.csproj", "{90CDC4A8-BF6C-427B-A9F0-7D708457BB98}"
EndProject
Project("{FAE04EC0-301F-11D3-BF4B-00C04F79EFBC}") = "Engine.Utilities", "Engine.Utilities\Engine.Utilities.csproj", "{FF611FEE-EF12-485A-82CC-02B4DD21A520}"
EndProject
Project("{FAE04EC0-301F-11D3-BF4B-00C04F79EFBC}") = "Engine.UI.Labels", "Engine.UI.Labels\Engine.UI.Labels.csproj", "{155C7B4E-C6B6-4E3A-87A1-539055D08725}"
EndProject
Project("{FAE04EC0-301F-11D3-BF4B-00C04F79EFBC}") = "Engine.Drawing", "Engine.Drawing\Engine.Drawing.csproj", "{786B8072-29FE-4218-8EEF-B6D3EB7BAB90}"
EndProject
Project("{2150E333-8FDC-42A3-9474-1A3956D46DE8}") = "CaptureTheFlag", "CaptureTheFlag", "{CB675F07-59F4-428C-8C3E-2EFFB844B59B}"
EndProject
Project("{2150E333-8FDC-42A3-9474-1A3956D46DE8}") = "UI", "UI", "{73DBBE9D-BF10-4F81-BE57-998FF28CD1FF}"
EndProject
Project("{2150E333-8FDC-42A3-9474-1A3956D46DE8}") = "Physics", "Physics", "{CCE2904F-13F9-4BC7-9F91-EE703FB95B6B}"
EndProject
Project("{FAE04EC0-301F-11D3-BF4B-00C04F79EFBC}") = "Engine.Physics.Bodies", "Engine.Physics.Bodies\Engine.Physics.Bodies.csproj", "{D58EE0FD-B9B9-4955-8392-E647BD3ACC57}"
EndProject
Project("{2150E333-8FDC-42A3-9474-1A3956D46DE8}") = "Engine", "Engine", "{E29D0D6C-13D1-4B54-BA54-5B0D2DC05ABB}"
EndProject
Project("{FAE04EC0-301F-11D3-BF4B-00C04F79EFBC}") = "CaptureTheFlag.Entities", "CaptureTheFlag.Entities\CaptureTheFlag.Entities.csproj", "{D3E3B146-1ACD-4F2C-9A4C-20B0DAEC47A0}"
EndProject
Project("{FAE04EC0-301F-11D3-BF4B-00C04F79EFBC}") = "Engine.Camera", "Engine.Camera\Engine.Camera.csproj", "{56B2B2A4-FCAC-41C8-B577-13FDE25E1CD0}"
EndProject
Project("{2150E333-8FDC-42A3-9474-1A3956D46DE8}") = "AI", "AI", "{50C3E165-5ED0-41DA-9C67-F9982C24828B}"
EndProject
Project("{FAE04EC0-301F-11D3-BF4B-00C04F79EFBC}") = "Engine.AI.Behaviors", "Engine.AI.Behaviors\Engine.AI.Behaviors.csproj", "{ABA834FA-075C-4419-B8F6-7123D1E6CB79}"
EndProject
Project("{FAE04EC0-301F-11D3-BF4B-00C04F79EFBC}") = "Engine.Entities", "Engine.Entities\Engine.Entities.csproj", "{2B885117-A719-4BE5-8E24-C58CEF8C1A94}"
EndProject
Project("{FAE04EC0-301F-11D3-BF4B-00C04F79EFBC}") = "Engine.UI.ProgressBars", "Engine.UI.ProgressBars\Engine.UI.ProgressBars.csproj", "{00B47D21-2E7E-4E2F-BE48-3CA5AA3C5D27}"
EndProject
Global
	GlobalSection(SolutionConfigurationPlatforms) = preSolution
		Debug|Any CPU = Debug|Any CPU
		Debug|Mixed Platforms = Debug|Mixed Platforms
		Debug|x86 = Debug|x86
		Release|Any CPU = Release|Any CPU
		Release|Mixed Platforms = Release|Mixed Platforms
		Release|x86 = Release|x86
	EndGlobalSection
	GlobalSection(ProjectConfigurationPlatforms) = postSolution
		{E41C8363-D955-46D2-8E68-88E39B1C0917}.Debug|Any CPU.ActiveCfg = Debug|x86
		{E41C8363-D955-46D2-8E68-88E39B1C0917}.Debug|Mixed Platforms.ActiveCfg = Debug|x86
		{E41C8363-D955-46D2-8E68-88E39B1C0917}.Debug|Mixed Platforms.Build.0 = Debug|x86
		{E41C8363-D955-46D2-8E68-88E39B1C0917}.Debug|x86.ActiveCfg = Debug|x86
		{E41C8363-D955-46D2-8E68-88E39B1C0917}.Debug|x86.Build.0 = Debug|x86
		{E41C8363-D955-46D2-8E68-88E39B1C0917}.Release|Any CPU.ActiveCfg = Release|x86
		{E41C8363-D955-46D2-8E68-88E39B1C0917}.Release|Mixed Platforms.ActiveCfg = Release|x86
		{E41C8363-D955-46D2-8E68-88E39B1C0917}.Release|Mixed Platforms.Build.0 = Release|x86
		{E41C8363-D955-46D2-8E68-88E39B1C0917}.Release|x86.ActiveCfg = Release|x86
		{E41C8363-D955-46D2-8E68-88E39B1C0917}.Release|x86.Build.0 = Release|x86
		{8BBD8AD5-960E-436F-AC1C-AEFB891A0D0E}.Debug|Any CPU.ActiveCfg = Debug|Any CPU
		{8BBD8AD5-960E-436F-AC1C-AEFB891A0D0E}.Debug|Any CPU.Build.0 = Debug|Any CPU
		{8BBD8AD5-960E-436F-AC1C-AEFB891A0D0E}.Debug|Mixed Platforms.ActiveCfg = Debug|Any CPU
		{8BBD8AD5-960E-436F-AC1C-AEFB891A0D0E}.Debug|Mixed Platforms.Build.0 = Debug|Any CPU
		{8BBD8AD5-960E-436F-AC1C-AEFB891A0D0E}.Debug|x86.ActiveCfg = Debug|Any CPU
		{8BBD8AD5-960E-436F-AC1C-AEFB891A0D0E}.Debug|x86.Build.0 = Debug|Any CPU
		{8BBD8AD5-960E-436F-AC1C-AEFB891A0D0E}.Release|Any CPU.ActiveCfg = Release|Any CPU
		{8BBD8AD5-960E-436F-AC1C-AEFB891A0D0E}.Release|Any CPU.Build.0 = Release|Any CPU
		{8BBD8AD5-960E-436F-AC1C-AEFB891A0D0E}.Release|Mixed Platforms.ActiveCfg = Release|Any CPU
		{8BBD8AD5-960E-436F-AC1C-AEFB891A0D0E}.Release|Mixed Platforms.Build.0 = Release|Any CPU
		{8BBD8AD5-960E-436F-AC1C-AEFB891A0D0E}.Release|x86.ActiveCfg = Release|Any CPU
		{D0B538EC-EF51-4B21-82F6-491454653FE8}.Debug|Any CPU.ActiveCfg = Debug|Any CPU
		{D0B538EC-EF51-4B21-82F6-491454653FE8}.Debug|Any CPU.Build.0 = Debug|Any CPU
		{D0B538EC-EF51-4B21-82F6-491454653FE8}.Debug|Mixed Platforms.ActiveCfg = Debug|Any CPU
		{D0B538EC-EF51-4B21-82F6-491454653FE8}.Debug|Mixed Platforms.Build.0 = Debug|Any CPU
		{D0B538EC-EF51-4B21-82F6-491454653FE8}.Debug|x86.ActiveCfg = Debug|Any CPU
		{D0B538EC-EF51-4B21-82F6-491454653FE8}.Debug|x86.Build.0 = Debug|Any CPU
		{D0B538EC-EF51-4B21-82F6-491454653FE8}.Release|Any CPU.ActiveCfg = Release|Any CPU
		{D0B538EC-EF51-4B21-82F6-491454653FE8}.Release|Any CPU.Build.0 = Release|Any CPU
		{D0B538EC-EF51-4B21-82F6-491454653FE8}.Release|Mixed Platforms.ActiveCfg = Release|Any CPU
		{D0B538EC-EF51-4B21-82F6-491454653FE8}.Release|Mixed Platforms.Build.0 = Release|Any CPU
		{D0B538EC-EF51-4B21-82F6-491454653FE8}.Release|x86.ActiveCfg = Release|Any CPU
		{90CDC4A8-BF6C-427B-A9F0-7D708457BB98}.Debug|Any CPU.ActiveCfg = Debug|Any CPU
		{90CDC4A8-BF6C-427B-A9F0-7D708457BB98}.Debug|Any CPU.Build.0 = Debug|Any CPU
		{90CDC4A8-BF6C-427B-A9F0-7D708457BB98}.Debug|Mixed Platforms.ActiveCfg = Debug|Any CPU
		{90CDC4A8-BF6C-427B-A9F0-7D708457BB98}.Debug|Mixed Platforms.Build.0 = Debug|Any CPU
		{90CDC4A8-BF6C-427B-A9F0-7D708457BB98}.Debug|x86.ActiveCfg = Debug|Any CPU
		{90CDC4A8-BF6C-427B-A9F0-7D708457BB98}.Debug|x86.Build.0 = Debug|Any CPU
		{90CDC4A8-BF6C-427B-A9F0-7D708457BB98}.Release|Any CPU.ActiveCfg = Release|Any CPU
		{90CDC4A8-BF6C-427B-A9F0-7D708457BB98}.Release|Any CPU.Build.0 = Release|Any CPU
		{90CDC4A8-BF6C-427B-A9F0-7D708457BB98}.Release|Mixed Platforms.ActiveCfg = Release|Any CPU
		{90CDC4A8-BF6C-427B-A9F0-7D708457BB98}.Release|Mixed Platforms.Build.0 = Release|Any CPU
		{90CDC4A8-BF6C-427B-A9F0-7D708457BB98}.Release|x86.ActiveCfg = Release|Any CPU
		{FF611FEE-EF12-485A-82CC-02B4DD21A520}.Debug|Any CPU.ActiveCfg = Debug|Any CPU
		{FF611FEE-EF12-485A-82CC-02B4DD21A520}.Debug|Any CPU.Build.0 = Debug|Any CPU
		{FF611FEE-EF12-485A-82CC-02B4DD21A520}.Debug|Mixed Platforms.ActiveCfg = Debug|Any CPU
		{FF611FEE-EF12-485A-82CC-02B4DD21A520}.Debug|Mixed Platforms.Build.0 = Debug|Any CPU
		{FF611FEE-EF12-485A-82CC-02B4DD21A520}.Debug|x86.ActiveCfg = Debug|Any CPU
		{FF611FEE-EF12-485A-82CC-02B4DD21A520}.Debug|x86.Build.0 = Debug|Any CPU
		{FF611FEE-EF12-485A-82CC-02B4DD21A520}.Release|Any CPU.ActiveCfg = Release|Any CPU
		{FF611FEE-EF12-485A-82CC-02B4DD21A520}.Release|Any CPU.Build.0 = Release|Any CPU
		{FF611FEE-EF12-485A-82CC-02B4DD21A520}.Release|Mixed Platforms.ActiveCfg = Release|Any CPU
		{FF611FEE-EF12-485A-82CC-02B4DD21A520}.Release|Mixed Platforms.Build.0 = Release|Any CPU
		{FF611FEE-EF12-485A-82CC-02B4DD21A520}.Release|x86.ActiveCfg = Release|Any CPU
		{155C7B4E-C6B6-4E3A-87A1-539055D08725}.Debug|Any CPU.ActiveCfg = Debug|Any CPU
		{155C7B4E-C6B6-4E3A-87A1-539055D08725}.Debug|Any CPU.Build.0 = Debug|Any CPU
		{155C7B4E-C6B6-4E3A-87A1-539055D08725}.Debug|Mixed Platforms.ActiveCfg = Debug|Any CPU
		{155C7B4E-C6B6-4E3A-87A1-539055D08725}.Debug|Mixed Platforms.Build.0 = Debug|Any CPU
		{155C7B4E-C6B6-4E3A-87A1-539055D08725}.Debug|x86.ActiveCfg = Debug|Any CPU
		{155C7B4E-C6B6-4E3A-87A1-539055D08725}.Debug|x86.Build.0 = Debug|Any CPU
		{155C7B4E-C6B6-4E3A-87A1-539055D08725}.Release|Any CPU.ActiveCfg = Release|Any CPU
		{155C7B4E-C6B6-4E3A-87A1-539055D08725}.Release|Any CPU.Build.0 = Release|Any CPU
		{155C7B4E-C6B6-4E3A-87A1-539055D08725}.Release|Mixed Platforms.ActiveCfg = Release|Any CPU
		{155C7B4E-C6B6-4E3A-87A1-539055D08725}.Release|Mixed Platforms.Build.0 = Release|Any CPU
		{155C7B4E-C6B6-4E3A-87A1-539055D08725}.Release|x86.ActiveCfg = Release|Any CPU
		{786B8072-29FE-4218-8EEF-B6D3EB7BAB90}.Debug|Any CPU.ActiveCfg = Debug|Any CPU
		{786B8072-29FE-4218-8EEF-B6D3EB7BAB90}.Debug|Any CPU.Build.0 = Debug|Any CPU
		{786B8072-29FE-4218-8EEF-B6D3EB7BAB90}.Debug|Mixed Platforms.ActiveCfg = Debug|Any CPU
		{786B8072-29FE-4218-8EEF-B6D3EB7BAB90}.Debug|Mixed Platforms.Build.0 = Debug|Any CPU
		{786B8072-29FE-4218-8EEF-B6D3EB7BAB90}.Debug|x86.ActiveCfg = Debug|Any CPU
		{786B8072-29FE-4218-8EEF-B6D3EB7BAB90}.Debug|x86.Build.0 = Debug|Any CPU
		{786B8072-29FE-4218-8EEF-B6D3EB7BAB90}.Release|Any CPU.ActiveCfg = Release|Any CPU
		{786B8072-29FE-4218-8EEF-B6D3EB7BAB90}.Release|Any CPU.Build.0 = Release|Any CPU
		{786B8072-29FE-4218-8EEF-B6D3EB7BAB90}.Release|Mixed Platforms.ActiveCfg = Release|Any CPU
		{786B8072-29FE-4218-8EEF-B6D3EB7BAB90}.Release|Mixed Platforms.Build.0 = Release|Any CPU
		{786B8072-29FE-4218-8EEF-B6D3EB7BAB90}.Release|x86.ActiveCfg = Release|Any CPU
		{D58EE0FD-B9B9-4955-8392-E647BD3ACC57}.Debug|Any CPU.ActiveCfg = Debug|Any CPU
		{D58EE0FD-B9B9-4955-8392-E647BD3ACC57}.Debug|Any CPU.Build.0 = Debug|Any CPU
		{D58EE0FD-B9B9-4955-8392-E647BD3ACC57}.Debug|Mixed Platforms.ActiveCfg = Debug|Any CPU
		{D58EE0FD-B9B9-4955-8392-E647BD3ACC57}.Debug|Mixed Platforms.Build.0 = Debug|Any CPU
		{D58EE0FD-B9B9-4955-8392-E647BD3ACC57}.Debug|x86.ActiveCfg = Debug|Any CPU
		{D58EE0FD-B9B9-4955-8392-E647BD3ACC57}.Release|Any CPU.ActiveCfg = Release|Any CPU
		{D58EE0FD-B9B9-4955-8392-E647BD3ACC57}.Release|Any CPU.Build.0 = Release|Any CPU
		{D58EE0FD-B9B9-4955-8392-E647BD3ACC57}.Release|Mixed Platforms.ActiveCfg = Release|Any CPU
		{D58EE0FD-B9B9-4955-8392-E647BD3ACC57}.Release|Mixed Platforms.Build.0 = Release|Any CPU
		{D58EE0FD-B9B9-4955-8392-E647BD3ACC57}.Release|x86.ActiveCfg = Release|Any CPU
		{D3E3B146-1ACD-4F2C-9A4C-20B0DAEC47A0}.Debug|Any CPU.ActiveCfg = Debug|Any CPU
		{D3E3B146-1ACD-4F2C-9A4C-20B0DAEC47A0}.Debug|Any CPU.Build.0 = Debug|Any CPU
		{D3E3B146-1ACD-4F2C-9A4C-20B0DAEC47A0}.Debug|Mixed Platforms.ActiveCfg = Debug|Any CPU
		{D3E3B146-1ACD-4F2C-9A4C-20B0DAEC47A0}.Debug|Mixed Platforms.Build.0 = Debug|Any CPU
		{D3E3B146-1ACD-4F2C-9A4C-20B0DAEC47A0}.Debug|x86.ActiveCfg = Debug|Any CPU
		{D3E3B146-1ACD-4F2C-9A4C-20B0DAEC47A0}.Release|Any CPU.ActiveCfg = Release|Any CPU
		{D3E3B146-1ACD-4F2C-9A4C-20B0DAEC47A0}.Release|Any CPU.Build.0 = Release|Any CPU
		{D3E3B146-1ACD-4F2C-9A4C-20B0DAEC47A0}.Release|Mixed Platforms.ActiveCfg = Release|Any CPU
		{D3E3B146-1ACD-4F2C-9A4C-20B0DAEC47A0}.Release|Mixed Platforms.Build.0 = Release|Any CPU
		{D3E3B146-1ACD-4F2C-9A4C-20B0DAEC47A0}.Release|x86.ActiveCfg = Release|Any CPU
		{56B2B2A4-FCAC-41C8-B577-13FDE25E1CD0}.Debug|Any CPU.ActiveCfg = Debug|Any CPU
		{56B2B2A4-FCAC-41C8-B577-13FDE25E1CD0}.Debug|Any CPU.Build.0 = Debug|Any CPU
		{56B2B2A4-FCAC-41C8-B577-13FDE25E1CD0}.Debug|Mixed Platforms.ActiveCfg = Debug|Any CPU
		{56B2B2A4-FCAC-41C8-B577-13FDE25E1CD0}.Debug|Mixed Platforms.Build.0 = Debug|Any CPU
		{56B2B2A4-FCAC-41C8-B577-13FDE25E1CD0}.Debug|x86.ActiveCfg = Debug|Any CPU
		{56B2B2A4-FCAC-41C8-B577-13FDE25E1CD0}.Release|Any CPU.ActiveCfg = Release|Any CPU
		{56B2B2A4-FCAC-41C8-B577-13FDE25E1CD0}.Release|Any CPU.Build.0 = Release|Any CPU
		{56B2B2A4-FCAC-41C8-B577-13FDE25E1CD0}.Release|Mixed Platforms.ActiveCfg = Release|Any CPU
		{56B2B2A4-FCAC-41C8-B577-13FDE25E1CD0}.Release|Mixed Platforms.Build.0 = Release|Any CPU
		{56B2B2A4-FCAC-41C8-B577-13FDE25E1CD0}.Release|x86.ActiveCfg = Release|Any CPU
		{ABA834FA-075C-4419-B8F6-7123D1E6CB79}.Debug|Any CPU.ActiveCfg = Debug|Any CPU
		{ABA834FA-075C-4419-B8F6-7123D1E6CB79}.Debug|Any CPU.Build.0 = Debug|Any CPU
		{ABA834FA-075C-4419-B8F6-7123D1E6CB79}.Debug|Mixed Platforms.ActiveCfg = Debug|Any CPU
		{ABA834FA-075C-4419-B8F6-7123D1E6CB79}.Debug|Mixed Platforms.Build.0 = Debug|Any CPU
		{ABA834FA-075C-4419-B8F6-7123D1E6CB79}.Debug|x86.ActiveCfg = Debug|Any CPU
		{ABA834FA-075C-4419-B8F6-7123D1E6CB79}.Release|Any CPU.ActiveCfg = Release|Any CPU
		{ABA834FA-075C-4419-B8F6-7123D1E6CB79}.Release|Any CPU.Build.0 = Release|Any CPU
		{ABA834FA-075C-4419-B8F6-7123D1E6CB79}.Release|Mixed Platforms.ActiveCfg = Release|Any CPU
		{ABA834FA-075C-4419-B8F6-7123D1E6CB79}.Release|Mixed Platforms.Build.0 = Release|Any CPU
		{ABA834FA-075C-4419-B8F6-7123D1E6CB79}.Release|x86.ActiveCfg = Release|Any CPU
		{2B885117-A719-4BE5-8E24-C58CEF8C1A94}.Debug|Any CPU.ActiveCfg = Debug|Any CPU
		{2B885117-A719-4BE5-8E24-C58CEF8C1A94}.Debug|Any CPU.Build.0 = Debug|Any CPU
		{2B885117-A719-4BE5-8E24-C58CEF8C1A94}.Debug|Mixed Platforms.ActiveCfg = Debug|Any CPU
		{2B885117-A719-4BE5-8E24-C58CEF8C1A94}.Debug|Mixed Platforms.Build.0 = Debug|Any CPU
		{2B885117-A719-4BE5-8E24-C58CEF8C1A94}.Debug|x86.ActiveCfg = Debug|Any CPU
		{2B885117-A719-4BE5-8E24-C58CEF8C1A94}.Release|Any CPU.ActiveCfg = Release|Any CPU
		{2B885117-A719-4BE5-8E24-C58CEF8C1A94}.Release|Any CPU.Build.0 = Release|Any CPU
		{2B885117-A719-4BE5-8E24-C58CEF8C1A94}.Release|Mixed Platforms.ActiveCfg = Release|Any CPU
		{2B885117-A719-4BE5-8E24-C58CEF8C1A94}.Release|Mixed Platforms.Build.0 = Release|Any CPU
		{2B885117-A719-4BE5-8E24-C58CEF8C1A94}.Release|x86.ActiveCfg = Release|Any CPU
		{00B47D21-2E7E-4E2F-BE48-3CA5AA3C5D27}.Debug|Any CPU.ActiveCfg = Debug|Any CPU
		{00B47D21-2E7E-4E2F-BE48-3CA5AA3C5D27}.Debug|Any CPU.Build.0 = Debug|Any CPU
		{00B47D21-2E7E-4E2F-BE48-3CA5AA3C5D27}.Debug|Mixed Platforms.ActiveCfg = Debug|Any CPU
		{00B47D21-2E7E-4E2F-BE48-3CA5AA3C5D27}.Debug|Mixed Platforms.Build.0 = Debug|Any CPU
		{00B47D21-2E7E-4E2F-BE48-3CA5AA3C5D27}.Debug|x86.ActiveCfg = Debug|Any CPU
		{00B47D21-2E7E-4E2F-BE48-3CA5AA3C5D27}.Release|Any CPU.ActiveCfg = Release|Any CPU
		{00B47D21-2E7E-4E2F-BE48-3CA5AA3C5D27}.Release|Any CPU.Build.0 = Release|Any CPU
		{00B47D21-2E7E-4E2F-BE48-3CA5AA3C5D27}.Release|Mixed Platforms.ActiveCfg = Release|Any CPU
		{00B47D21-2E7E-4E2F-BE48-3CA5AA3C5D27}.Release|Mixed Platforms.Build.0 = Release|Any CPU
		{00B47D21-2E7E-4E2F-BE48-3CA5AA3C5D27}.Release|x86.ActiveCfg = Release|Any CPU
	EndGlobalSection
	GlobalSection(SolutionProperties) = preSolution
		HideSolutionNode = FALSE
	EndGlobalSection
	GlobalSection(NestedProjects) = preSolution
		{E41C8363-D955-46D2-8E68-88E39B1C0917} = {CB675F07-59F4-428C-8C3E-2EFFB844B59B}
		{8BBD8AD5-960E-436F-AC1C-AEFB891A0D0E} = {E29D0D6C-13D1-4B54-BA54-5B0D2DC05ABB}
		{D0B538EC-EF51-4B21-82F6-491454653FE8} = {E29D0D6C-13D1-4B54-BA54-5B0D2DC05ABB}
		{90CDC4A8-BF6C-427B-A9F0-7D708457BB98} = {73DBBE9D-BF10-4F81-BE57-998FF28CD1FF}
		{FF611FEE-EF12-485A-82CC-02B4DD21A520} = {E29D0D6C-13D1-4B54-BA54-5B0D2DC05ABB}
		{155C7B4E-C6B6-4E3A-87A1-539055D08725} = {73DBBE9D-BF10-4F81-BE57-998FF28CD1FF}
		{786B8072-29FE-4218-8EEF-B6D3EB7BAB90} = {E29D0D6C-13D1-4B54-BA54-5B0D2DC05ABB}
		{73DBBE9D-BF10-4F81-BE57-998FF28CD1FF} = {E29D0D6C-13D1-4B54-BA54-5B0D2DC05ABB}
		{CCE2904F-13F9-4BC7-9F91-EE703FB95B6B} = {E29D0D6C-13D1-4B54-BA54-5B0D2DC05ABB}
		{D58EE0FD-B9B9-4955-8392-E647BD3ACC57} = {CCE2904F-13F9-4BC7-9F91-EE703FB95B6B}
		{D3E3B146-1ACD-4F2C-9A4C-20B0DAEC47A0} = {CB675F07-59F4-428C-8C3E-2EFFB844B59B}
		{56B2B2A4-FCAC-41C8-B577-13FDE25E1CD0} = {E29D0D6C-13D1-4B54-BA54-5B0D2DC05ABB}
		{50C3E165-5ED0-41DA-9C67-F9982C24828B} = {E29D0D6C-13D1-4B54-BA54-5B0D2DC05ABB}
		{ABA834FA-075C-4419-B8F6-7123D1E6CB79} = {50C3E165-5ED0-41DA-9C67-F9982C24828B}
		{2B885117-A719-4BE5-8E24-C58CEF8C1A94} = {E29D0D6C-13D1-4B54-BA54-5B0D2DC05ABB}
		{00B47D21-2E7E-4E2F-BE48-3CA5AA3C5D27} = {73DBBE9D-BF10-4F81-BE57-998FF28CD1FF}
	EndGlobalSection
EndGlobal
